// !$*UTF8*$!
{
	archiveVersion = 1;
	classes = {
	};
	objectVersion = 50;
	objects = {

/* Begin PBXBuildFile section */
		6FF2CA2C236A6A3800109424 /* AppDelegate.swift in Sources */ = {isa = PBXBuildFile; fileRef = 6FF2CA2B236A6A3800109424 /* AppDelegate.swift */; };
		6FF2CA2E236A6A3800109424 /* SceneDelegate.swift in Sources */ = {isa = PBXBuildFile; fileRef = 6FF2CA2D236A6A3800109424 /* SceneDelegate.swift */; };
		6FF2CA30236A6A3800109424 /* ViewController.swift in Sources */ = {isa = PBXBuildFile; fileRef = 6FF2CA2F236A6A3800109424 /* ViewController.swift */; };
		6FF2CA33236A6A3800109424 /* Main.storyboard in Resources */ = {isa = PBXBuildFile; fileRef = 6FF2CA31236A6A3800109424 /* Main.storyboard */; };
		6FF2CA36236A6A3800109424 /* visionkit_example.xcdatamodeld in Sources */ = {isa = PBXBuildFile; fileRef = 6FF2CA34236A6A3800109424 /* visionkit_example.xcdatamodeld */; };
		6FF2CA38236A6A3800109424 /* Assets.xcassets in Resources */ = {isa = PBXBuildFile; fileRef = 6FF2CA37236A6A3800109424 /* Assets.xcassets */; };
		6FF2CA3B236A6A3800109424 /* LaunchScreen.storyboard in Resources */ = {isa = PBXBuildFile; fileRef = 6FF2CA39236A6A3800109424 /* LaunchScreen.storyboard */; };
		6FF71CFA2373F33500B60B17 /* DetailViewController.swift in Sources */ = {isa = PBXBuildFile; fileRef = 6FF71CF92373F33500B60B17 /* DetailViewController.swift */; };
		BD10BC7125A042358D4DD0D7 /* Pods_visionkit_example.framework in Frameworks */ = {isa = PBXBuildFile; fileRef = ABA2F01C69E430ED4AB12E93 /* Pods_visionkit_example.framework */; };
/* End PBXBuildFile section */

/* Begin PBXFileReference section */
		419A8E5D567FBBD1BDA354AB /* Pods-visionkit-example.release.xcconfig */ = {isa = PBXFileReference; includeInIndex = 1; lastKnownFileType = text.xcconfig; name = "Pods-visionkit-example.release.xcconfig"; path = "Target Support Files/Pods-visionkit-example/Pods-visionkit-example.release.xcconfig"; sourceTree = "<group>"; };
		5D88755F318A62A1F908F748 /* Pods-visionkit-example.debug.xcconfig */ = {isa = PBXFileReference; includeInIndex = 1; lastKnownFileType = text.xcconfig; name = "Pods-visionkit-example.debug.xcconfig"; path = "Target Support Files/Pods-visionkit-example/Pods-visionkit-example.debug.xcconfig"; sourceTree = "<group>"; };
		6FF2CA28236A6A3800109424 /* visionkit-example.app */ = {isa = PBXFileReference; explicitFileType = wrapper.application; includeInIndex = 0; path = "visionkit-example.app"; sourceTree = BUILT_PRODUCTS_DIR; };
		6FF2CA2B236A6A3800109424 /* AppDelegate.swift */ = {isa = PBXFileReference; lastKnownFileType = sourcecode.swift; path = AppDelegate.swift; sourceTree = "<group>"; };
		6FF2CA2D236A6A3800109424 /* SceneDelegate.swift */ = {isa = PBXFileReference; lastKnownFileType = sourcecode.swift; path = SceneDelegate.swift; sourceTree = "<group>"; };
		6FF2CA2F236A6A3800109424 /* ViewController.swift */ = {isa = PBXFileReference; lastKnownFileType = sourcecode.swift; path = ViewController.swift; sourceTree = "<group>"; };
		6FF2CA32236A6A3800109424 /* Base */ = {isa = PBXFileReference; lastKnownFileType = file.storyboard; name = Base; path = Base.lproj/Main.storyboard; sourceTree = "<group>"; };
		6FF2CA35236A6A3800109424 /* visionkit_example.xcdatamodel */ = {isa = PBXFileReference; lastKnownFileType = wrapper.xcdatamodel; path = visionkit_example.xcdatamodel; sourceTree = "<group>"; };
		6FF2CA37236A6A3800109424 /* Assets.xcassets */ = {isa = PBXFileReference; lastKnownFileType = folder.assetcatalog; path = Assets.xcassets; sourceTree = "<group>"; };
		6FF2CA3A236A6A3800109424 /* Base */ = {isa = PBXFileReference; lastKnownFileType = file.storyboard; name = Base; path = Base.lproj/LaunchScreen.storyboard; sourceTree = "<group>"; };
		6FF2CA3C236A6A3800109424 /* Info.plist */ = {isa = PBXFileReference; lastKnownFileType = text.plist.xml; path = Info.plist; sourceTree = "<group>"; };
		6FF71CF92373F33500B60B17 /* DetailViewController.swift */ = {isa = PBXFileReference; lastKnownFileType = sourcecode.swift; path = DetailViewController.swift; sourceTree = "<group>"; };
		ABA2F01C69E430ED4AB12E93 /* Pods_visionkit_example.framework */ = {isa = PBXFileReference; explicitFileType = wrapper.framework; includeInIndex = 0; path = Pods_visionkit_example.framework; sourceTree = BUILT_PRODUCTS_DIR; };
/* End PBXFileReference section */

/* Begin PBXFrameworksBuildPhase section */
		6FF2CA25236A6A3800109424 /* Frameworks */ = {
			isa = PBXFrameworksBuildPhase;
			buildActionMask = 2147483647;
			files = (
				BD10BC7125A042358D4DD0D7 /* Pods_visionkit_example.framework in Frameworks */,
			);
			runOnlyForDeploymentPostprocessing = 0;
		};
/* End PBXFrameworksBuildPhase section */

/* Begin PBXGroup section */
		6FF2CA1F236A6A3800109424 = {
			isa = PBXGroup;
			children = (
				6FF2CA2A236A6A3800109424 /* visionkit-example */,
				6FF2CA29236A6A3800109424 /* Products */,
				ED94293EC65A40709751A1A9 /* Pods */,
				8DFA588C1C4A2AD8E5F0D159 /* Frameworks */,
			);
			sourceTree = "<group>";
		};
		6FF2CA29236A6A3800109424 /* Products */ = {
			isa = PBXGroup;
			children = (
				6FF2CA28236A6A3800109424 /* visionkit-example.app */,
			);
			name = Products;
			sourceTree = "<group>";
		};
		6FF2CA2A236A6A3800109424 /* visionkit-example */ = {
			isa = PBXGroup;
			children = (
				6FF2CA2B236A6A3800109424 /* AppDelegate.swift */,
				6FF2CA2D236A6A3800109424 /* SceneDelegate.swift */,
				6FF2CA2F236A6A3800109424 /* ViewController.swift */,
				6FF2CA31236A6A3800109424 /* Main.storyboard */,
				6FF2CA37236A6A3800109424 /* Assets.xcassets */,
				6FF2CA39236A6A3800109424 /* LaunchScreen.storyboard */,
				6FF2CA3C236A6A3800109424 /* Info.plist */,
				6FF2CA34236A6A3800109424 /* visionkit_example.xcdatamodeld */,
				6FF71CF92373F33500B60B17 /* DetailViewController.swift */,
			);
			path = "visionkit-example";
			sourceTree = "<group>";
		};
		8DFA588C1C4A2AD8E5F0D159 /* Frameworks */ = {
			isa = PBXGroup;
			children = (
				ABA2F01C69E430ED4AB12E93 /* Pods_visionkit_example.framework */,
			);
			name = Frameworks;
			sourceTree = "<group>";
		};
		ED94293EC65A40709751A1A9 /* Pods */ = {
			isa = PBXGroup;
			children = (
				5D88755F318A62A1F908F748 /* Pods-visionkit-example.debug.xcconfig */,
				419A8E5D567FBBD1BDA354AB /* Pods-visionkit-example.release.xcconfig */,
			);
			path = Pods;
			sourceTree = "<group>";
		};
/* End PBXGroup section */

/* Begin PBXNativeTarget section */
		6FF2CA27236A6A3800109424 /* visionkit-example */ = {
			isa = PBXNativeTarget;
			buildConfigurationList = 6FF2CA3F236A6A3800109424 /* Build configuration list for PBXNativeTarget "visionkit-example" */;
			buildPhases = (
				AA231D13E9F92EA9DF5E4EA9 /* [CP] Check Pods Manifest.lock */,
				6FF2CA24236A6A3800109424 /* Sources */,
				6FF2CA25236A6A3800109424 /* Frameworks */,
				6FF2CA26236A6A3800109424 /* Resources */,
				B89922E09E45C65DBDF26478 /* [CP] Embed Pods Frameworks */,
			);
			buildRules = (
			);
			dependencies = (
			);
			name = "visionkit-example";
			productName = "visionkit-example";
			productReference = 6FF2CA28236A6A3800109424 /* visionkit-example.app */;
			productType = "com.apple.product-type.application";
		};
/* End PBXNativeTarget section */

/* Begin PBXProject section */
		6FF2CA20236A6A3800109424 /* Project object */ = {
			isa = PBXProject;
			attributes = {
				LastSwiftUpdateCheck = 1110;
				LastUpgradeCheck = 1110;
				ORGANIZATIONNAME = "Yusuke Binsaki";
				TargetAttributes = {
					6FF2CA27236A6A3800109424 = {
						CreatedOnToolsVersion = 11.1;
					};
				};
			};
			buildConfigurationList = 6FF2CA23236A6A3800109424 /* Build configuration list for PBXProject "visionkit-example" */;
			compatibilityVersion = "Xcode 9.3";
			developmentRegion = en;
			hasScannedForEncodings = 0;
			knownRegions = (
				en,
				Base,
			);
			mainGroup = 6FF2CA1F236A6A3800109424;
			productRefGroup = 6FF2CA29236A6A3800109424 /* Products */;
			projectDirPath = "";
			projectRoot = "";
			targets = (
				6FF2CA27236A6A3800109424 /* visionkit-example */,
			);
		};
/* End PBXProject section */

/* Begin PBXResourcesBuildPhase section */
		6FF2CA26236A6A3800109424 /* Resources */ = {
			isa = PBXResourcesBuildPhase;
			buildActionMask = 2147483647;
			files = (
				6FF2CA3B236A6A3800109424 /* LaunchScreen.storyboard in Resources */,
				6FF2CA38236A6A3800109424 /* Assets.xcassets in Resources */,
				6FF2CA33236A6A3800109424 /* Main.storyboard in Resources */,
			);
			runOnlyForDeploymentPostprocessing = 0;
		};
/* End PBXResourcesBuildPhase section */

/* Begin PBXShellScriptBuildPhase section */
		AA231D13E9F92EA9DF5E4EA9 /* [CP] Check Pods Manifest.lock */ = {
			isa = PBXShellScriptBuildPhase;
			buildActionMask = 2147483647;
			files = (
			);
			inputFileListPaths = (
			);
			inputPaths = (
				"${PODS_PODFILE_DIR_PATH}/Podfile.lock",
				"${PODS_ROOT}/Manifest.lock",
			);
			name = "[CP] Check Pods Manifest.lock";
			outputFileListPaths = (
			);
			outputPaths = (
				"$(DERIVED_FILE_DIR)/Pods-visionkit-example-checkManifestLockResult.txt",
			);
			runOnlyForDeploymentPostprocessing = 0;
			shellPath = /bin/sh;
			shellScript = "diff \"${PODS_PODFILE_DIR_PATH}/Podfile.lock\" \"${PODS_ROOT}/Manifest.lock\" > /dev/null\nif [ $? != 0 ] ; then\n    # print error to STDERR\n    echo \"error: The sandbox is not in sync with the Podfile.lock. Run 'pod install' or update your CocoaPods installation.\" >&2\n    exit 1\nfi\n# This output is used by Xcode 'outputs' to avoid re-running this script phase.\necho \"SUCCESS\" > \"${SCRIPT_OUTPUT_FILE_0}\"\n";
			showEnvVarsInLog = 0;
		};
		B89922E09E45C65DBDF26478 /* [CP] Embed Pods Frameworks */ = {
			isa = PBXShellScriptBuildPhase;
			buildActionMask = 2147483647;
			files = (
			);
			inputFileListPaths = (
			);
			inputPaths = (
				"${PODS_ROOT}/Target Support Files/Pods-visionkit-example/Pods-visionkit-example-frameworks.sh",
				"${BUILT_PRODUCTS_DIR}/GPUImage/GPUImage.framework",
				"${BUILT_PRODUCTS_DIR}/PKHUD/PKHUD.framework",
				"${BUILT_PRODUCTS_DIR}/SwiftOCR/SwiftOCR.framework",
			);
			name = "[CP] Embed Pods Frameworks";
			outputFileListPaths = (
			);
			outputPaths = (
				"${TARGET_BUILD_DIR}/${FRAMEWORKS_FOLDER_PATH}/GPUImage.framework",
				"${TARGET_BUILD_DIR}/${FRAMEWORKS_FOLDER_PATH}/PKHUD.framework",
				"${TARGET_BUILD_DIR}/${FRAMEWORKS_FOLDER_PATH}/SwiftOCR.framework",
			);
			runOnlyForDeploymentPostprocessing = 0;
			shellPath = /bin/sh;
			shellScript = "\"${PODS_ROOT}/Target Support Files/Pods-visionkit-example/Pods-visionkit-example-frameworks.sh\"\n";
			showEnvVarsInLog = 0;
		};
/* End PBXShellScriptBuildPhase section */

/* Begin PBXSourcesBuildPhase section */
		6FF2CA24236A6A3800109424 /* Sources */ = {
			isa = PBXSourcesBuildPhase;
			buildActionMask = 2147483647;
			files = (
				6FF2CA30236A6A3800109424 /* ViewController.swift in Sources */,
				6FF2CA36236A6A3800109424 /* visionkit_example.xcdatamodeld in Sources */,
				6FF71CFA2373F33500B60B17 /* DetailViewController.swift in Sources */,
				6FF2CA2C236A6A3800109424 /* AppDelegate.swift in Sources */,
				6FF2CA2E236A6A3800109424 /* SceneDelegate.swift in Sources */,
			);
			runOnlyForDeploymentPostprocessing = 0;
		};
/* End PBXSourcesBuildPhase section */

/* Begin PBXVariantGroup section */
		6FF2CA31236A6A3800109424 /* Main.storyboard */ = {
			isa = PBXVariantGroup;
			children = (
				6FF2CA32236A6A3800109424 /* Base */,
			);
			name = Main.storyboard;
			sourceTree = "<group>";
		};
		6FF2CA39236A6A3800109424 /* LaunchScreen.storyboard */ = {
			isa = PBXVariantGroup;
			children = (
				6FF2CA3A236A6A3800109424 /* Base */,
			);
			name = LaunchScreen.storyboard;
			sourceTree = "<group>";
		};
/* End PBXVariantGroup section */

/* Begin XCBuildConfiguration section */
		6FF2CA3D236A6A3800109424 /* Debug */ = {
			isa = XCBuildConfiguration;
			buildSettings = {
				ALWAYS_SEARCH_USER_PATHS = NO;
				CLANG_ANALYZER_NONNULL = YES;
				CLANG_ANALYZER_NUMBER_OBJECT_CONVERSION = YES_AGGRESSIVE;
				CLANG_CXX_LANGUAGE_STANDARD = "gnu++14";
				CLANG_CXX_LIBRARY = "libc++";
				CLANG_ENABLE_MODULES = YES;
				CLANG_ENABLE_OBJC_ARC = YES;
				CLANG_ENABLE_OBJC_WEAK = YES;
				CLANG_WARN_BLOCK_CAPTURE_AUTORELEASING = YES;
				CLANG_WARN_BOOL_CONVERSION = YES;
				CLANG_WARN_COMMA = YES;
				CLANG_WARN_CONSTANT_CONVERSION = YES;
				CLANG_WARN_DEPRECATED_OBJC_IMPLEMENTATIONS = YES;
				CLANG_WARN_DIRECT_OBJC_ISA_USAGE = YES_ERROR;
				CLANG_WARN_DOCUMENTATION_COMMENTS = YES;
				CLANG_WARN_EMPTY_BODY = YES;
				CLANG_WARN_ENUM_CONVERSION = YES;
				CLANG_WARN_INFINITE_RECURSION = YES;
				CLANG_WARN_INT_CONVERSION = YES;
				CLANG_WARN_NON_LITERAL_NULL_CONVERSION = YES;
				CLANG_WARN_OBJC_IMPLICIT_RETAIN_SELF = YES;
				CLANG_WARN_OBJC_LITERAL_CONVERSION = YES;
				CLANG_WARN_OBJC_ROOT_CLASS = YES_ERROR;
				CLANG_WARN_RANGE_LOOP_ANALYSIS = YES;
				CLANG_WARN_STRICT_PROTOTYPES = YES;
				CLANG_WARN_SUSPICIOUS_MOVE = YES;
				CLANG_WARN_UNGUARDED_AVAILABILITY = YES_AGGRESSIVE;
				CLANG_WARN_UNREACHABLE_CODE = YES;
				CLANG_WARN__DUPLICATE_METHOD_MATCH = YES;
				COPY_PHASE_STRIP = NO;
				DEBUG_INFORMATION_FORMAT = dwarf;
				ENABLE_STRICT_OBJC_MSGSEND = YES;
				ENABLE_TESTABILITY = YES;
				GCC_C_LANGUAGE_STANDARD = gnu11;
				GCC_DYNAMIC_NO_PIC = NO;
				GCC_NO_COMMON_BLOCKS = YES;
				GCC_OPTIMIZATION_LEVEL = 0;
				GCC_PREPROCESSOR_DEFINITIONS = (
					"DEBUG=1",
					"$(inherited)",
				);
				GCC_WARN_64_TO_32_BIT_CONVERSION = YES;
				GCC_WARN_ABOUT_RETURN_TYPE = YES_ERROR;
				GCC_WARN_UNDECLARED_SELECTOR = YES;
				GCC_WARN_UNINITIALIZED_AUTOS = YES_AGGRESSIVE;
				GCC_WARN_UNUSED_FUNCTION = YES;
				GCC_WARN_UNUSED_VARIABLE = YES;
				IPHONEOS_DEPLOYMENT_TARGET = 13.1;
				MTL_ENABLE_DEBUG_INFO = INCLUDE_SOURCE;
				MTL_FAST_MATH = YES;
				ONLY_ACTIVE_ARCH = YES;
				SDKROOT = iphoneos;
				SWIFT_ACTIVE_COMPILATION_CONDITIONS = DEBUG;
				SWIFT_OPTIMIZATION_LEVEL = "-Onone";
			};
			name = Debug;
		};
		6FF2CA3E236A6A3800109424 /* Release */ = {
			isa = XCBuildConfiguration;
			buildSettings = {
				ALWAYS_SEARCH_USER_PATHS = NO;
				CLANG_ANALYZER_NONNULL = YES;
				CLANG_ANALYZER_NUMBER_OBJECT_CONVERSION = YES_AGGRESSIVE;
				CLANG_CXX_LANGUAGE_STANDARD = "gnu++14";
				CLANG_CXX_LIBRARY = "libc++";
				CLANG_ENABLE_MODULES = YES;
				CLANG_ENABLE_OBJC_ARC = YES;
				CLANG_ENABLE_OBJC_WEAK = YES;
				CLANG_WARN_BLOCK_CAPTURE_AUTORELEASING = YES;
				CLANG_WARN_BOOL_CONVERSION = YES;
				CLANG_WARN_COMMA = YES;
				CLANG_WARN_CONSTANT_CONVERSION = YES;
				CLANG_WARN_DEPRECATED_OBJC_IMPLEMENTATIONS = YES;
				CLANG_WARN_DIRECT_OBJC_ISA_USAGE = YES_ERROR;
				CLANG_WARN_DOCUMENTATION_COMMENTS = YES;
				CLANG_WARN_EMPTY_BODY = YES;
				CLANG_WARN_ENUM_CONVERSION = YES;
				CLANG_WARN_INFINITE_RECURSION = YES;
				CLANG_WARN_INT_CONVERSION = YES;
				CLANG_WARN_NON_LITERAL_NULL_CONVERSION = YES;
				CLANG_WARN_OBJC_IMPLICIT_RETAIN_SELF = YES;
				CLANG_WARN_OBJC_LITERAL_CONVERSION = YES;
				CLANG_WARN_OBJC_ROOT_CLASS = YES_ERROR;
				CLANG_WARN_RANGE_LOOP_ANALYSIS = YES;
				CLANG_WARN_STRICT_PROTOTYPES = YES;
				CLANG_WARN_SUSPICIOUS_MOVE = YES;
				CLANG_WARN_UNGUARDED_AVAILABILITY = YES_AGGRESSIVE;
				CLANG_WARN_UNREACHABLE_CODE = YES;
				CLANG_WARN__DUPLICATE_METHOD_MATCH = YES;
				COPY_PHASE_STRIP = NO;
				DEBUG_INFORMATION_FORMAT = "dwarf-with-dsym";
				ENABLE_NS_ASSERTIONS = NO;
				ENABLE_STRICT_OBJC_MSGSEND = YES;
				GCC_C_LANGUAGE_STANDARD = gnu11;
				GCC_NO_COMMON_BLOCKS = YES;
				GCC_WARN_64_TO_32_BIT_CONVERSION = YES;
				GCC_WARN_ABOUT_RETURN_TYPE = YES_ERROR;
				GCC_WARN_UNDECLARED_SELECTOR = YES;
				GCC_WARN_UNINITIALIZED_AUTOS = YES_AGGRESSIVE;
				GCC_WARN_UNUSED_FUNCTION = YES;
				GCC_WARN_UNUSED_VARIABLE = YES;
				IPHONEOS_DEPLOYMENT_TARGET = 13.1;
				MTL_ENABLE_DEBUG_INFO = NO;
				MTL_FAST_MATH = YES;
				SDKROOT = iphoneos;
				SWIFT_COMPILATION_MODE = wholemodule;
				SWIFT_OPTIMIZATION_LEVEL = "-O";
				VALIDATE_PRODUCT = YES;
			};
			name = Release;
		};
		6FF2CA40236A6A3800109424 /* Debug */ = {
			isa = XCBuildConfiguration;
			baseConfigurationReference = 5D88755F318A62A1F908F748 /* Pods-visionkit-example.debug.xcconfig */;
			buildSettings = {
				ASSETCATALOG_COMPILER_APPICON_NAME = AppIcon;
				CODE_SIGN_STYLE = Automatic;
				DEVELOPMENT_TEAM = CN9G6GDH5K;
				INFOPLIST_FILE = "visionkit-example/Info.plist";
				LD_RUNPATH_SEARCH_PATHS = (
					"$(inherited)",
					"@executable_path/Frameworks",
				);
				PRODUCT_BUNDLE_IDENTIFIER = "jp.co.itage.visionkit-example";
				PRODUCT_NAME = "$(TARGET_NAME)";
				SWIFT_VERSION = 5.0;
				TARGETED_DEVICE_FAMILY = "1,2";
			};
			name = Debug;
		};
		6FF2CA41236A6A3800109424 /* Release */ = {
			isa = XCBuildConfiguration;
			baseConfigurationReference = 419A8E5D567FBBD1BDA354AB /* Pods-visionkit-example.release.xcconfig */;
			buildSettings = {
				ASSETCATALOG_COMPILER_APPICON_NAME = AppIcon;
				CODE_SIGN_STYLE = Automatic;
				DEVELOPMENT_TEAM = CN9G6GDH5K;
				INFOPLIST_FILE = "visionkit-example/Info.plist";
				LD_RUNPATH_SEARCH_PATHS = (
					"$(inherited)",
					"@executable_path/Frameworks",
				);
				PRODUCT_BUNDLE_IDENTIFIER = "jp.co.itage.visionkit-example";
				PRODUCT_NAME = "$(TARGET_NAME)";
				SWIFT_VERSION = 5.0;
				TARGETED_DEVICE_FAMILY = "1,2";
			};
			name = Release;
		};
/* End XCBuildConfiguration section */

/* Begin XCConfigurationList section */
		6FF2CA23236A6A3800109424 /* Build configuration list for PBXProject "visionkit-example" */ = {
			isa = XCConfigurationList;
			buildConfigurations = (
				6FF2CA3D236A6A3800109424 /* Debug */,
				6FF2CA3E236A6A3800109424 /* Release */,
			);
			defaultConfigurationIsVisible = 0;
			defaultConfigurationName = Release;
		};
		6FF2CA3F236A6A3800109424 /* Build configuration list for PBXNativeTarget "visionkit-example" */ = {
			isa = XCConfigurationList;
			buildConfigurations = (
				6FF2CA40236A6A3800109424 /* Debug */,
				6FF2CA41236A6A3800109424 /* Release */,
			);
			defaultConfigurationIsVisible = 0;
			defaultConfigurationName = Release;
		};
/* End XCConfigurationList section */

/* Begin XCVersionGroup section */
		6FF2CA34236A6A3800109424 /* visionkit_example.xcdatamodeld */ = {
			isa = XCVersionGroup;
			children = (
				6FF2CA35236A6A3800109424 /* visionkit_example.xcdatamodel */,
			);
			currentVersion = 6FF2CA35236A6A3800109424 /* visionkit_example.xcdatamodel */;
			path = visionkit_example.xcdatamodeld;
			sourceTree = "<group>";
			versionGroupType = wrapper.xcdatamodel;
		};
/* End XCVersionGroup section */
	};
	rootObject = 6FF2CA20236A6A3800109424 /* Project object */;
}
